
Microsoft Visual Studio Solution File, Format Version 12.00
# Visual Studio Version 17
VisualStudioVersion = 17.14.36109.1 d17.14
MinimumVisualStudioVersion = 10.0.40219.1
Project("{FAE04EC0-301F-11D3-BF4B-00C04F79EFBC}") = "WebApiCarrito", "WebApiCarrito\WebApiCarrito.csproj", "{04942A4F-DC57-4944-85A6-72256FD05BE2}"
EndProject
Global
	GlobalSection(SolutionConfigurationPlatforms) = preSolution
		Debug|Any CPU = Debug|Any CPU
		Release|Any CPU = Release|Any CPU
	EndGlobalSection
	GlobalSection(ProjectConfigurationPlatforms) = postSolution
		{04942A4F-DC57-4944-85A6-72256FD05BE2}.Debug|Any CPU.ActiveCfg = Debug|Any CPU
		{04942A4F-DC57-4944-85A6-72256FD05BE2}.Debug|Any CPU.Build.0 = Debug|Any CPU
		{04942A4F-DC57-4944-85A6-72256FD05BE2}.Release|Any CPU.ActiveCfg = Release|Any CPU
		{04942A4F-DC57-4944-85A6-72256FD05BE2}.Release|Any CPU.Build.0 = Release|Any CPU
	EndGlobalSection
	GlobalSection(SolutionProperties) = preSolution
		HideSolutionNode = FALSE
	EndGlobalSection
	GlobalSection(ExtensibilityGlobals) = postSolution
		SolutionGuid = {1C1AC585-CDDD-42CC-AEFE-9644E86BB58B}
	EndGlobalSection
EndGlobal
